
Microsoft Visual Studio Solution File, Format Version 12.00
# Visual Studio Version 17
VisualStudioVersion = 17.8.34322.80
MinimumVisualStudioVersion = 10.0.40219.1
Project("{FAE04EC0-301F-11D3-BF4B-00C04F79EFBC}") = "oracleoperation", "oracleoperation\oracleoperation.csproj", "{DDEEEDBD-693C-495C-8366-C8759CF4D9B4}"
EndProject
Global
	GlobalSection(SolutionConfigurationPlatforms) = preSolution
		Debug|Any CPU = Debug|Any CPU
		Release|Any CPU = Release|Any CPU
	EndGlobalSection
	GlobalSection(ProjectConfigurationPlatforms) = postSolution
		{DDEEEDBD-693C-495C-8366-C8759CF4D9B4}.Debug|Any CPU.ActiveCfg = Debug|Any CPU
		{DDEEEDBD-693C-495C-8366-C8759CF4D9B4}.Debug|Any CPU.Build.0 = Debug|Any CPU
		{DDEEEDBD-693C-495C-8366-C8759CF4D9B4}.Release|Any CPU.ActiveCfg = Release|Any CPU
		{DDEEEDBD-693C-495C-8366-C8759CF4D9B4}.Release|Any CPU.Build.0 = Release|Any CPU
	EndGlobalSection
	GlobalSection(SolutionProperties) = preSolution
		HideSolutionNode = FALSE
	EndGlobalSection
	GlobalSection(ExtensibilityGlobals) = postSolution
		SolutionGuid = {A2BFEB90-DDBF-42FF-8147-B1305F5D35A6}
	EndGlobalSection
EndGlobal
