
Microsoft Visual Studio Solution File, Format Version 12.00
# Visual Studio Version 17
VisualStudioVersion = 17.8.34322.80
MinimumVisualStudioVersion = 10.0.40219.1
Project("{FAE04EC0-301F-11D3-BF4B-00C04F79EFBC}") = "speechsynthesizer", "speechsynthesizer\speechsynthesizer.csproj", "{791DE45C-EC9B-405F-AC95-1C386F5C293A}"
EndProject
Global
	GlobalSection(SolutionConfigurationPlatforms) = preSolution
		Debug|Any CPU = Debug|Any CPU
		Release|Any CPU = Release|Any CPU
	EndGlobalSection
	GlobalSection(ProjectConfigurationPlatforms) = postSolution
		{791DE45C-EC9B-405F-AC95-1C386F5C293A}.Debug|Any CPU.ActiveCfg = Debug|Any CPU
		{791DE45C-EC9B-405F-AC95-1C386F5C293A}.Debug|Any CPU.Build.0 = Debug|Any CPU
		{791DE45C-EC9B-405F-AC95-1C386F5C293A}.Release|Any CPU.ActiveCfg = Release|Any CPU
		{791DE45C-EC9B-405F-AC95-1C386F5C293A}.Release|Any CPU.Build.0 = Release|Any CPU
	EndGlobalSection
	GlobalSection(SolutionProperties) = preSolution
		HideSolutionNode = FALSE
	EndGlobalSection
	GlobalSection(ExtensibilityGlobals) = postSolution
		SolutionGuid = {EC205A98-DB7E-4A90-A592-988490BF4466}
	EndGlobalSection
EndGlobal
