
Microsoft Visual Studio Solution File, Format Version 12.00
# Visual Studio Version 17
VisualStudioVersion = 17.8.34322.80
MinimumVisualStudioVersion = 10.0.40219.1
Project("{FAE04EC0-301F-11D3-BF4B-00C04F79EFBC}") = "crud", "crud\crud.csproj", "{7B4792AA-1FB5-473C-8516-AEACADB8A18A}"
EndProject
Global
	GlobalSection(SolutionConfigurationPlatforms) = preSolution
		Debug|Any CPU = Debug|Any CPU
		Release|Any CPU = Release|Any CPU
	EndGlobalSection
	GlobalSection(ProjectConfigurationPlatforms) = postSolution
		{7B4792AA-1FB5-473C-8516-AEACADB8A18A}.Debug|Any CPU.ActiveCfg = Release|Any CPU
		{7B4792AA-1FB5-473C-8516-AEACADB8A18A}.Debug|Any CPU.Build.0 = Release|Any CPU
		{7B4792AA-1FB5-473C-8516-AEACADB8A18A}.Release|Any CPU.ActiveCfg = Debug|Any CPU
		{7B4792AA-1FB5-473C-8516-AEACADB8A18A}.Release|Any CPU.Build.0 = Debug|Any CPU
	EndGlobalSection
	GlobalSection(SolutionProperties) = preSolution
		HideSolutionNode = FALSE
	EndGlobalSection
	GlobalSection(ExtensibilityGlobals) = postSolution
		SolutionGuid = {2BE34337-538C-433C-87FF-373F0A3169DC}
	EndGlobalSection
EndGlobal
