
Microsoft Visual Studio Solution File, Format Version 12.00
# Visual Studio Version 17
VisualStudioVersion = 17.8.34322.80
MinimumVisualStudioVersion = 10.0.40219.1
Project("{FAE04EC0-301F-11D3-BF4B-00C04F79EFBC}") = "WinFormsApp1", "WinFormsApp1\WinFormsApp1.csproj", "{F49CA3DA-AD08-4C41-9A91-5FD5F992582D}"
EndProject
Global
	GlobalSection(SolutionConfigurationPlatforms) = preSolution
		Debug|Any CPU = Debug|Any CPU
		Release|Any CPU = Release|Any CPU
	EndGlobalSection
	GlobalSection(ProjectConfigurationPlatforms) = postSolution
		{F49CA3DA-AD08-4C41-9A91-5FD5F992582D}.Debug|Any CPU.ActiveCfg = Debug|Any CPU
		{F49CA3DA-AD08-4C41-9A91-5FD5F992582D}.Debug|Any CPU.Build.0 = Debug|Any CPU
		{F49CA3DA-AD08-4C41-9A91-5FD5F992582D}.Release|Any CPU.ActiveCfg = Release|Any CPU
		{F49CA3DA-AD08-4C41-9A91-5FD5F992582D}.Release|Any CPU.Build.0 = Release|Any CPU
	EndGlobalSection
	GlobalSection(SolutionProperties) = preSolution
		HideSolutionNode = FALSE
	EndGlobalSection
	GlobalSection(ExtensibilityGlobals) = postSolution
		SolutionGuid = {018D1EC0-CECC-407F-9E68-2970E81F8135}
	EndGlobalSection
EndGlobal
