
Microsoft Visual Studio Solution File, Format Version 12.00
# Visual Studio Version 17
VisualStudioVersion = 17.8.34322.80
MinimumVisualStudioVersion = 10.0.40219.1
Project("{FAE04EC0-301F-11D3-BF4B-00C04F79EFBC}") = "usb", "usb\usb.csproj", "{A2BC9BB2-CBEF-4627-8A1A-A7B2B1A188F7}"
EndProject
Global
	GlobalSection(SolutionConfigurationPlatforms) = preSolution
		Debug|Any CPU = Debug|Any CPU
		Release|Any CPU = Release|Any CPU
	EndGlobalSection
	GlobalSection(ProjectConfigurationPlatforms) = postSolution
		{A2BC9BB2-CBEF-4627-8A1A-A7B2B1A188F7}.Debug|Any CPU.ActiveCfg = Debug|Any CPU
		{A2BC9BB2-CBEF-4627-8A1A-A7B2B1A188F7}.Debug|Any CPU.Build.0 = Debug|Any CPU
		{A2BC9BB2-CBEF-4627-8A1A-A7B2B1A188F7}.Release|Any CPU.ActiveCfg = Release|Any CPU
		{A2BC9BB2-CBEF-4627-8A1A-A7B2B1A188F7}.Release|Any CPU.Build.0 = Release|Any CPU
	EndGlobalSection
	GlobalSection(SolutionProperties) = preSolution
		HideSolutionNode = FALSE
	EndGlobalSection
	GlobalSection(ExtensibilityGlobals) = postSolution
		SolutionGuid = {6F3F0539-1C86-464A-940F-70BEFC6AF204}
	EndGlobalSection
EndGlobal
